
Microsoft Visual Studio Solution File, Format Version 12.00
# Visual Studio Version 17
VisualStudioVersion = 17.11.35327.3
MinimumVisualStudioVersion = 10.0.40219.1
Project("{FAE04EC0-301F-11D3-BF4B-00C04F79EFBC}") = "Class05", "Class05.csproj", "{F98A5FC7-863D-44AE-8CDC-AA5949E65D6E}"
EndProject
Global
	GlobalSection(SolutionConfigurationPlatforms) = preSolution
		Debug|Any CPU = Debug|Any CPU
		Release|Any CPU = Release|Any CPU
	EndGlobalSection
	GlobalSection(ProjectConfigurationPlatforms) = postSolution
		{F98A5FC7-863D-44AE-8CDC-AA5949E65D6E}.Debug|Any CPU.ActiveCfg = Debug|Any CPU
		{F98A5FC7-863D-44AE-8CDC-AA5949E65D6E}.Debug|Any CPU.Build.0 = Debug|Any CPU
		{F98A5FC7-863D-44AE-8CDC-AA5949E65D6E}.Release|Any CPU.ActiveCfg = Release|Any CPU
		{F98A5FC7-863D-44AE-8CDC-AA5949E65D6E}.Release|Any CPU.Build.0 = Release|Any CPU
	EndGlobalSection
	GlobalSection(SolutionProperties) = preSolution
		HideSolutionNode = FALSE
	EndGlobalSection
	GlobalSection(ExtensibilityGlobals) = postSolution
		SolutionGuid = {EBB5AFD6-BFD8-4A20-A3E2-15CE3510A0BB}
	EndGlobalSection
EndGlobal
